
Microsoft Visual Studio Solution File, Format Version 12.00
# Visual Studio Version 16
VisualStudioVersion = 25.0.1705.2
MinimumVisualStudioVersion = 10.0.40219.1
Project("{FAE04EC0-301F-11D3-BF4B-00C04F79EFBC}") = "Interface_Task", "Interface_Task\Interface_Task.csproj", "{C45D889D-F1D6-4447-A583-472B68C41437}"
EndProject
Global
	GlobalSection(SolutionConfigurationPlatforms) = preSolution
		Debug|Any CPU = Debug|Any CPU
		Release|Any CPU = Release|Any CPU
	EndGlobalSection
	GlobalSection(ProjectConfigurationPlatforms) = postSolution
		{C45D889D-F1D6-4447-A583-472B68C41437}.Debug|Any CPU.ActiveCfg = Debug|Any CPU
		{C45D889D-F1D6-4447-A583-472B68C41437}.Debug|Any CPU.Build.0 = Debug|Any CPU
		{C45D889D-F1D6-4447-A583-472B68C41437}.Release|Any CPU.ActiveCfg = Release|Any CPU
		{C45D889D-F1D6-4447-A583-472B68C41437}.Release|Any CPU.Build.0 = Release|Any CPU
	EndGlobalSection
	GlobalSection(SolutionProperties) = preSolution
		HideSolutionNode = FALSE
	EndGlobalSection
	GlobalSection(ExtensibilityGlobals) = postSolution
		SolutionGuid = {E9FB0FEC-A640-4FE9-96EA-AEDA5C8A717D}
	EndGlobalSection
EndGlobal
